// !$*UTF8*$!
{
	archiveVersion = 1;
	classes = {
	};
	objectVersion = 46;
	objects = {

/* Begin PBXBuildFile section */
		7151F4C51F3CE48A00FF569C /* AppDelegate.swift in Sources */ = {isa = PBXBuildFile; fileRef = 7151F4C41F3CE48A00FF569C /* AppDelegate.swift */; };
		7151F4C71F3CE48A00FF569C /* ViewController.swift in Sources */ = {isa = PBXBuildFile; fileRef = 7151F4C61F3CE48A00FF569C /* ViewController.swift */; };
		7151F4CA1F3CE48A00FF569C /* Main.storyboard in Resources */ = {isa = PBXBuildFile; fileRef = 7151F4C81F3CE48A00FF569C /* Main.storyboard */; };
		7151F4CC1F3CE48A00FF569C /* Assets.xcassets in Resources */ = {isa = PBXBuildFile; fileRef = 7151F4CB1F3CE48A00FF569C /* Assets.xcassets */; };
		7151F4CF1F3CE48A00FF569C /* LaunchScreen.storyboard in Resources */ = {isa = PBXBuildFile; fileRef = 7151F4CD1F3CE48A00FF569C /* LaunchScreen.storyboard */; };
		7151F4D71F3D054900FF569C /* MANIC MINER.ttf in Resources */ = {isa = PBXBuildFile; fileRef = 7151F4D61F3D054900FF569C /* MANIC MINER.ttf */; };
		7151F4D91F3D075200FF569C /* Pixel-Miners.otf in Resources */ = {isa = PBXBuildFile; fileRef = 7151F4D81F3D075200FF569C /* Pixel-Miners.otf */; };
/* End PBXBuildFile section */

/* Begin PBXFileReference section */
		7151F4C11F3CE48A00FF569C /* RetroCalculator.app */ = {isa = PBXFileReference; explicitFileType = wrapper.application; includeInIndex = 0; path = RetroCalculator.app; sourceTree = BUILT_PRODUCTS_DIR; };
		7151F4C41F3CE48A00FF569C /* AppDelegate.swift */ = {isa = PBXFileReference; lastKnownFileType = sourcecode.swift; path = AppDelegate.swift; sourceTree = "<group>"; };
		7151F4C61F3CE48A00FF569C /* ViewController.swift */ = {isa = PBXFileReference; lastKnownFileType = sourcecode.swift; path = ViewController.swift; sourceTree = "<group>"; };
		7151F4C91F3CE48A00FF569C /* Base */ = {isa = PBXFileReference; lastKnownFileType = file.storyboard; name = Base; path = Base.lproj/Main.storyboard; sourceTree = "<group>"; };
		7151F4CB1F3CE48A00FF569C /* Assets.xcassets */ = {isa = PBXFileReference; lastKnownFileType = folder.assetcatalog; path = Assets.xcassets; sourceTree = "<group>"; };
		7151F4CE1F3CE48A00FF569C /* Base */ = {isa = PBXFileReference; lastKnownFileType = file.storyboard; name = Base; path = Base.lproj/LaunchScreen.storyboard; sourceTree = "<group>"; };
		7151F4D01F3CE48A00FF569C /* Info.plist */ = {isa = PBXFileReference; lastKnownFileType = text.plist.xml; path = Info.plist; sourceTree = "<group>"; };
		7151F4D61F3D054900FF569C /* MANIC MINER.ttf */ = {isa = PBXFileReference; lastKnownFileType = file; path = "MANIC MINER.ttf"; sourceTree = "<group>"; };
		7151F4D81F3D075200FF569C /* Pixel-Miners.otf */ = {isa = PBXFileReference; lastKnownFileType = file; path = "Pixel-Miners.otf"; sourceTree = "<group>"; };
/* End PBXFileReference section */

/* Begin PBXFrameworksBuildPhase section */
		7151F4BE1F3CE48A00FF569C /* Frameworks */ = {
			isa = PBXFrameworksBuildPhase;
			buildActionMask = 2147483647;
			files = (
			);
			runOnlyForDeploymentPostprocessing = 0;
		};
/* End PBXFrameworksBuildPhase section */

/* Begin PBXGroup section */
		7151F4B81F3CE48A00FF569C = {
			isa = PBXGroup;
			children = (
				7151F4C31F3CE48A00FF569C /* RetroCalculator */,
				7151F4C21F3CE48A00FF569C /* Products */,
			);
			sourceTree = "<group>";
		};
		7151F4C21F3CE48A00FF569C /* Products */ = {
			isa = PBXGroup;
			children = (
				7151F4C11F3CE48A00FF569C /* RetroCalculator.app */,
			);
			name = Products;
			sourceTree = "<group>";
		};
		7151F4C31F3CE48A00FF569C /* RetroCalculator */ = {
			isa = PBXGroup;
			children = (
				7151F4D81F3D075200FF569C /* Pixel-Miners.otf */,
				7151F4D61F3D054900FF569C /* MANIC MINER.ttf */,
				7151F4C41F3CE48A00FF569C /* AppDelegate.swift */,
				7151F4C61F3CE48A00FF569C /* ViewController.swift */,
				7151F4C81F3CE48A00FF569C /* Main.storyboard */,
				7151F4CB1F3CE48A00FF569C /* Assets.xcassets */,
				7151F4CD1F3CE48A00FF569C /* LaunchScreen.storyboard */,
				7151F4D01F3CE48A00FF569C /* Info.plist */,
			);
			path = RetroCalculator;
			sourceTree = "<group>";
		};
/* End PBXGroup section */

/* Begin PBXNativeTarget section */
		7151F4C01F3CE48A00FF569C /* RetroCalculator */ = {
			isa = PBXNativeTarget;
			buildConfigurationList = 7151F4D31F3CE48A00FF569C /* Build configuration list for PBXNativeTarget "RetroCalculator" */;
			buildPhases = (
				7151F4BD1F3CE48A00FF569C /* Sources */,
				7151F4BE1F3CE48A00FF569C /* Frameworks */,
				7151F4BF1F3CE48A00FF569C /* Resources */,
			);
			buildRules = (
			);
			dependencies = (
			);
			name = RetroCalculator;
			productName = RetroCalculator;
			productReference = 7151F4C11F3CE48A00FF569C /* RetroCalculator.app */;
			productType = "com.apple.product-type.application";
		};
/* End PBXNativeTarget section */

/* Begin PBXProject section */
		7151F4B91F3CE48A00FF569C /* Project object */ = {
			isa = PBXProject;
			attributes = {
				LastSwiftUpdateCheck = 0800;
				LastUpgradeCheck = 0800;
				ORGANIZATIONNAME = dmgudeman;
				TargetAttributes = {
					7151F4C01F3CE48A00FF569C = {
						CreatedOnToolsVersion = 8.0;
						ProvisioningStyle = Automatic;
					};
				};
			};
			buildConfigurationList = 7151F4BC1F3CE48A00FF569C /* Build configuration list for PBXProject "RetroCalculator" */;
			compatibilityVersion = "Xcode 3.2";
			developmentRegion = English;
			hasScannedForEncodings = 0;
			knownRegions = (
				en,
				Base,
			);
			mainGroup = 7151F4B81F3CE48A00FF569C;
			productRefGroup = 7151F4C21F3CE48A00FF569C /* Products */;
			projectDirPath = "";
			projectRoot = "";
			targets = (
				7151F4C01F3CE48A00FF569C /* RetroCalculator */,
			);
		};
/* End PBXProject section */

/* Begin PBXResourcesBuildPhase section */
		7151F4BF1F3CE48A00FF569C /* Resources */ = {
			isa = PBXResourcesBuildPhase;
			buildActionMask = 2147483647;
			files = (
				7151F4D91F3D075200FF569C /* Pixel-Miners.otf in Resources */,
				7151F4CF1F3CE48A00FF569C /* LaunchScreen.storyboard in Resources */,
				7151F4CC1F3CE48A00FF569C /* Assets.xcassets in Resources */,
				7151F4D71F3D054900FF569C /* MANIC MINER.ttf in Resources */,
				7151F4CA1F3CE48A00FF569C /* Main.storyboard in Resources */,
			);
			runOnlyForDeploymentPostprocessing = 0;
		};
/* End PBXResourcesBuildPhase section */

/* Begin PBXSourcesBuildPhase section */
		7151F4BD1F3CE48A00FF569C /* Sources */ = {
			isa = PBXSourcesBuildPhase;
			buildActionMask = 2147483647;
			files = (
				7151F4C71F3CE48A00FF569C /* ViewController.swift in Sources */,
				7151F4C51F3CE48A00FF569C /* AppDelegate.swift in Sources */,
			);
			runOnlyForDeploymentPostprocessing = 0;
		};
/* End PBXSourcesBuildPhase section */

/* Begin PBXVariantGroup section */
		7151F4C81F3CE48A00FF569C /* Main.storyboard */ = {
			isa = PBXVariantGroup;
			children = (
				7151F4C91F3CE48A00FF569C /* Base */,
			);
			name = Main.storyboard;
			sourceTree = "<group>";
		};
		7151F4CD1F3CE48A00FF569C /* LaunchScreen.storyboard */ = {
			isa = PBXVariantGroup;
			children = (
				7151F4CE1F3CE48A00FF569C /* Base */,
			);
			name = LaunchScreen.storyboard;
			sourceTree = "<group>";
		};
/* End PBXVariantGroup section */

/* Begin XCBuildConfiguration section */
		7151F4D11F3CE48A00FF569C /* Debug */ = {
			isa = XCBuildConfiguration;
			buildSettings = {
				ALWAYS_SEARCH_USER_PATHS = NO;
				CLANG_ANALYZER_NONNULL = YES;
				CLANG_CXX_LANGUAGE_STANDARD = "gnu++0x";
				CLANG_CXX_LIBRARY = "libc++";
				CLANG_ENABLE_MODULES = YES;
				CLANG_ENABLE_OBJC_ARC = YES;
				CLANG_WARN_BOOL_CONVERSION = YES;
				CLANG_WARN_CONSTANT_CONVERSION = YES;
				CLANG_WARN_DIRECT_OBJC_ISA_USAGE = YES_ERROR;
				CLANG_WARN_DOCUMENTATION_COMMENTS = YES;
				CLANG_WARN_EMPTY_BODY = YES;
				CLANG_WARN_ENUM_CONVERSION = YES;
				CLANG_WARN_INFINITE_RECURSION = YES;
				CLANG_WARN_INT_CONVERSION = YES;
				CLANG_WARN_OBJC_ROOT_CLASS = YES_ERROR;
				CLANG_WARN_SUSPICIOUS_MOVES = YES;
				CLANG_WARN_UNREACHABLE_CODE = YES;
				CLANG_WARN__DUPLICATE_METHOD_MATCH = YES;
				"CODE_SIGN_IDENTITY[sdk=iphoneos*]" = "iPhone Developer";
				COPY_PHASE_STRIP = NO;
				DEBUG_INFORMATION_FORMAT = dwarf;
				ENABLE_STRICT_OBJC_MSGSEND = YES;
				ENABLE_TESTABILITY = YES;
				GCC_C_LANGUAGE_STANDARD = gnu99;
				GCC_DYNAMIC_NO_PIC = NO;
				GCC_NO_COMMON_BLOCKS = YES;
				GCC_OPTIMIZATION_LEVEL = 0;
				GCC_PREPROCESSOR_DEFINITIONS = (
					"DEBUG=1",
					"$(inherited)",
				);
				GCC_WARN_64_TO_32_BIT_CONVERSION = YES;
				GCC_WARN_ABOUT_RETURN_TYPE = YES_ERROR;
				GCC_WARN_UNDECLARED_SELECTOR = YES;
				GCC_WARN_UNINITIALIZED_AUTOS = YES_AGGRESSIVE;
				GCC_WARN_UNUSED_FUNCTION = YES;
				GCC_WARN_UNUSED_VARIABLE = YES;
				IPHONEOS_DEPLOYMENT_TARGET = 10.0;
				MTL_ENABLE_DEBUG_INFO = YES;
				ONLY_ACTIVE_ARCH = YES;
				SDKROOT = iphoneos;
				SWIFT_ACTIVE_COMPILATION_CONDITIONS = DEBUG;
				SWIFT_OPTIMIZATION_LEVEL = "-Onone";
				TARGETED_DEVICE_FAMILY = "1,2";
			};
			name = Debug;
		};
		7151F4D21F3CE48A00FF569C /* Release */ = {
			isa = XCBuildConfiguration;
			buildSettings = {
				ALWAYS_SEARCH_USER_PATHS = NO;
				CLANG_ANALYZER_NONNULL = YES;
				CLANG_CXX_LANGUAGE_STANDARD = "gnu++0x";
				CLANG_CXX_LIBRARY = "libc++";
				CLANG_ENABLE_MODULES = YES;
				CLANG_ENABLE_OBJC_ARC = YES;
				CLANG_WARN_BOOL_CONVERSION = YES;
				CLANG_WARN_CONSTANT_CONVERSION = YES;
				CLANG_WARN_DIRECT_OBJC_ISA_USAGE = YES_ERROR;
				CLANG_WARN_DOCUMENTATION_COMMENTS = YES;
				CLANG_WARN_EMPTY_BODY = YES;
				CLANG_WARN_ENUM_CONVERSION = YES;
				CLANG_WARN_INFINITE_RECURSION = YES;
				CLANG_WARN_INT_CONVERSION = YES;
				CLANG_WARN_OBJC_ROOT_CLASS = YES_ERROR;
				CLANG_WARN_SUSPICIOUS_MOVES = YES;
				CLANG_WARN_UNREACHABLE_CODE = YES;
				CLANG_WARN__DUPLICATE_METHOD_MATCH = YES;
				"CODE_SIGN_IDENTITY[sdk=iphoneos*]" = "iPhone Developer";
				COPY_PHASE_STRIP = NO;
				DEBUG_INFORMATION_FORMAT = "dwarf-with-dsym";
				ENABLE_NS_ASSERTIONS = NO;
				ENABLE_STRICT_OBJC_MSGSEND = YES;
				GCC_C_LANGUAGE_STANDARD = gnu99;
				GCC_NO_COMMON_BLOCKS = YES;
				GCC_WARN_64_TO_32_BIT_CONVERSION = YES;
				GCC_WARN_ABOUT_RETURN_TYPE = YES_ERROR;
				GCC_WARN_UNDECLARED_SELECTOR = YES;
				GCC_WARN_UNINITIALIZED_AUTOS = YES_AGGRESSIVE;
				GCC_WARN_UNUSED_FUNCTION = YES;
				GCC_WARN_UNUSED_VARIABLE = YES;
				IPHONEOS_DEPLOYMENT_TARGET = 10.0;
				MTL_ENABLE_DEBUG_INFO = NO;
				SDKROOT = iphoneos;
				SWIFT_OPTIMIZATION_LEVEL = "-Owholemodule";
				TARGETED_DEVICE_FAMILY = "1,2";
				VALIDATE_PRODUCT = YES;
			};
			name = Release;
		};
		7151F4D41F3CE48A00FF569C /* Debug */ = {
			isa = XCBuildConfiguration;
			buildSettings = {
				ASSETCATALOG_COMPILER_APPICON_NAME = AppIcon;
				INFOPLIST_FILE = RetroCalculator/Info.plist;
				LD_RUNPATH_SEARCH_PATHS = "$(inherited) @executable_path/Frameworks";
				PRODUCT_BUNDLE_IDENTIFIER = dmgudeman.RetroCalculator;
				PRODUCT_NAME = "$(TARGET_NAME)";
				SWIFT_VERSION = 3.0;
			};
			name = Debug;
		};
		7151F4D51F3CE48A00FF569C /* Release */ = {
			isa = XCBuildConfiguration;
			buildSettings = {
				ASSETCATALOG_COMPILER_APPICON_NAME = AppIcon;
				INFOPLIST_FILE = RetroCalculator/Info.plist;
				LD_RUNPATH_SEARCH_PATHS = "$(inherited) @executable_path/Frameworks";
				PRODUCT_BUNDLE_IDENTIFIER = dmgudeman.RetroCalculator;
				PRODUCT_NAME = "$(TARGET_NAME)";
				SWIFT_VERSION = 3.0;
			};
			name = Release;
		};
/* End XCBuildConfiguration section */

/* Begin XCConfigurationList section */
		7151F4BC1F3CE48A00FF569C /* Build configuration list for PBXProject "RetroCalculator" */ = {
			isa = XCConfigurationList;
			buildConfigurations = (
				7151F4D11F3CE48A00FF569C /* Debug */,
				7151F4D21F3CE48A00FF569C /* Release */,
			);
			defaultConfigurationIsVisible = 0;
			defaultConfigurationName = Release;
		};
		7151F4D31F3CE48A00FF569C /* Build configuration list for PBXNativeTarget "RetroCalculator" */ = {
			isa = XCConfigurationList;
			buildConfigurations = (
				7151F4D41F3CE48A00FF569C /* Debug */,
				7151F4D51F3CE48A00FF569C /* Release */,
			);
			defaultConfigurationIsVisible = 0;
		};
/* End XCConfigurationList section */
	};
	rootObject = 7151F4B91F3CE48A00FF569C /* Project object */;
}
